
Microsoft Visual Studio Solution File, Format Version 12.00
# Visual Studio Version 17
VisualStudioVersion = 17.8.34511.84
MinimumVisualStudioVersion = 10.0.40219.1
Project("{FAE04EC0-301F-11D3-BF4B-00C04F79EFBC}") = "AccountCreation_Assignment", "Johnson_Assignment7\AccountCreation_Assignment.csproj", "{43419FC8-DAA3-41DF-AA24-3EC737282C65}"
EndProject
Global
	GlobalSection(SolutionConfigurationPlatforms) = preSolution
		Debug|Any CPU = Debug|Any CPU
		Release|Any CPU = Release|Any CPU
	EndGlobalSection
	GlobalSection(ProjectConfigurationPlatforms) = postSolution
		{43419FC8-DAA3-41DF-AA24-3EC737282C65}.Debug|Any CPU.ActiveCfg = Debug|Any CPU
		{43419FC8-DAA3-41DF-AA24-3EC737282C65}.Debug|Any CPU.Build.0 = Debug|Any CPU
		{43419FC8-DAA3-41DF-AA24-3EC737282C65}.Release|Any CPU.ActiveCfg = Release|Any CPU
		{43419FC8-DAA3-41DF-AA24-3EC737282C65}.Release|Any CPU.Build.0 = Release|Any CPU
	EndGlobalSection
	GlobalSection(SolutionProperties) = preSolution
		HideSolutionNode = FALSE
	EndGlobalSection
	GlobalSection(ExtensibilityGlobals) = postSolution
		SolutionGuid = {1BB84BE1-17C7-4A95-92D5-64199084B287}
	EndGlobalSection
EndGlobal
